// !$*UTF8*$!
{
	archiveVersion = 1;
	classes = {
	};
	objectVersion = 46;
	objects = {

/* Begin PBXBuildFile section */
		5403D886193A110000E44C45 /* Foundation.framework in Frameworks */ = {isa = PBXBuildFile; fileRef = 5403D885193A110000E44C45 /* Foundation.framework */; };
		5403D888193A110000E44C45 /* CoreGraphics.framework in Frameworks */ = {isa = PBXBuildFile; fileRef = 5403D887193A110000E44C45 /* CoreGraphics.framework */; };
		5403D88A193A110000E44C45 /* UIKit.framework in Frameworks */ = {isa = PBXBuildFile; fileRef = 5403D889193A110000E44C45 /* UIKit.framework */; };
		5403D88C193A110000E44C45 /* CoreData.framework in Frameworks */ = {isa = PBXBuildFile; fileRef = 5403D88B193A110000E44C45 /* CoreData.framework */; };
		5403D892193A110000E44C45 /* InfoPlist.strings in Resources */ = {isa = PBXBuildFile; fileRef = 5403D890193A110000E44C45 /* InfoPlist.strings */; };
		5403D894193A110000E44C45 /* main.m in Sources */ = {isa = PBXBuildFile; fileRef = 5403D893193A110000E44C45 /* main.m */; };
		5403D898193A110100E44C45 /* mybudgetAppDelegate.m in Sources */ = {isa = PBXBuildFile; fileRef = 5403D897193A110100E44C45 /* mybudgetAppDelegate.m */; };
		5403D89B193A110100E44C45 /* Main.storyboard in Resources */ = {isa = PBXBuildFile; fileRef = 5403D899193A110100E44C45 /* Main.storyboard */; };
		5403D89E193A110100E44C45 /* myBudget2.xcdatamodeld in Sources */ = {isa = PBXBuildFile; fileRef = 5403D89C193A110100E44C45 /* myBudget2.xcdatamodeld */; };
		5403D8A1193A110100E44C45 /* mybudgetMasterViewController.m in Sources */ = {isa = PBXBuildFile; fileRef = 5403D8A0193A110100E44C45 /* mybudgetMasterViewController.m */; };
		5403D8A4193A110100E44C45 /* mybudgetDetailViewController.m in Sources */ = {isa = PBXBuildFile; fileRef = 5403D8A3193A110100E44C45 /* mybudgetDetailViewController.m */; };
		5403D8A6193A110100E44C45 /* Images.xcassets in Resources */ = {isa = PBXBuildFile; fileRef = 5403D8A5193A110100E44C45 /* Images.xcassets */; };
		5403D8AD193A110100E44C45 /* XCTest.framework in Frameworks */ = {isa = PBXBuildFile; fileRef = 5403D8AC193A110100E44C45 /* XCTest.framework */; };
		5403D8AE193A110100E44C45 /* Foundation.framework in Frameworks */ = {isa = PBXBuildFile; fileRef = 5403D885193A110000E44C45 /* Foundation.framework */; };
		5403D8AF193A110100E44C45 /* UIKit.framework in Frameworks */ = {isa = PBXBuildFile; fileRef = 5403D889193A110000E44C45 /* UIKit.framework */; };
		5403D8B0193A110100E44C45 /* CoreData.framework in Frameworks */ = {isa = PBXBuildFile; fileRef = 5403D88B193A110000E44C45 /* CoreData.framework */; };
		5403D8B8193A110100E44C45 /* InfoPlist.strings in Resources */ = {isa = PBXBuildFile; fileRef = 5403D8B6193A110100E44C45 /* InfoPlist.strings */; };
		5403D8BA193A110100E44C45 /* myBudget2Tests.m in Sources */ = {isa = PBXBuildFile; fileRef = 5403D8B9193A110100E44C45 /* myBudget2Tests.m */; };
		5403D8D8193B2CF700E44C45 /* TransactionCategory.m in Sources */ = {isa = PBXBuildFile; fileRef = 5403D8D7193B2CF700E44C45 /* TransactionCategory.m */; };
		5403D8DB193B2CF800E44C45 /* Transaction.m in Sources */ = {isa = PBXBuildFile; fileRef = 5403D8DA193B2CF800E44C45 /* Transaction.m */; };
		543FC86D1946DC9F005E252F /* setFilterViewController.m in Sources */ = {isa = PBXBuildFile; fileRef = 543FC86C1946DC9F005E252F /* setFilterViewController.m */; };
		547881C21941DD1800704E67 /* mybudgetSummaryViewController.m in Sources */ = {isa = PBXBuildFile; fileRef = 547881C11941DD1800704E67 /* mybudgetSummaryViewController.m */; };
		549AF34A193E17660013AE75 /* transactionHistoryTableViewCell.m in Sources */ = {isa = PBXBuildFile; fileRef = 549AF349193E17660013AE75 /* transactionHistoryTableViewCell.m */; };
		54DA464A194B018A0097AC1B /* icon2x.png in Resources */ = {isa = PBXBuildFile; fileRef = 54DA4648194B018A0097AC1B /* icon2x.png */; };
		54DA464B194B018A0097AC1B /* icon.png in Resources */ = {isa = PBXBuildFile; fileRef = 54DA4649194B018A0097AC1B /* icon.png */; };
		54DA464D194B027A0097AC1B /* launch.png in Resources */ = {isa = PBXBuildFile; fileRef = 54DA464C194B027A0097AC1B /* launch.png */; };
		54DA4650194B13D00097AC1B /* dateHelper.m in Sources */ = {isa = PBXBuildFile; fileRef = 54DA464F194B13D00097AC1B /* dateHelper.m */; };
		54DA4656194C4B910097AC1B /* pieChartView.m in Sources */ = {isa = PBXBuildFile; fileRef = 54DA4655194C4B910097AC1B /* pieChartView.m */; };
		54DA4659194C77270097AC1B /* pieChartLegendView.m in Sources */ = {isa = PBXBuildFile; fileRef = 54DA4658194C77270097AC1B /* pieChartLegendView.m */; };
		54DA465C194C93430097AC1B /* mybudgetCategoryChartVC.m in Sources */ = {isa = PBXBuildFile; fileRef = 54DA465B194C93430097AC1B /* mybudgetCategoryChartVC.m */; };
		54DB96AB1940F588004E2661 /* TransactionCategory+CategoryHelper.m in Sources */ = {isa = PBXBuildFile; fileRef = 54DB96AA1940F588004E2661 /* TransactionCategory+CategoryHelper.m */; };
		54E0CF13193B51A400306E71 /* AddTransactionViewController.m in Sources */ = {isa = PBXBuildFile; fileRef = 54E0CF12193B51A400306E71 /* AddTransactionViewController.m */; };
/* End PBXBuildFile section */

/* Begin PBXContainerItemProxy section */
		5403D8B1193A110100E44C45 /* PBXContainerItemProxy */ = {
			isa = PBXContainerItemProxy;
			containerPortal = 5403D87A193A110000E44C45 /* Project object */;
			proxyType = 1;
			remoteGlobalIDString = 5403D881193A110000E44C45;
			remoteInfo = myBudget2;
		};
/* End PBXContainerItemProxy section */

/* Begin PBXFileReference section */
		5403D882193A110000E44C45 /* myBudget2.app */ = {isa = PBXFileReference; explicitFileType = wrapper.application; includeInIndex = 0; path = myBudget2.app; sourceTree = BUILT_PRODUCTS_DIR; };
		5403D885193A110000E44C45 /* Foundation.framework */ = {isa = PBXFileReference; lastKnownFileType = wrapper.framework; name = Foundation.framework; path = System/Library/Frameworks/Foundation.framework; sourceTree = SDKROOT; };
		5403D887193A110000E44C45 /* CoreGraphics.framework */ = {isa = PBXFileReference; lastKnownFileType = wrapper.framework; name = CoreGraphics.framework; path = System/Library/Frameworks/CoreGraphics.framework; sourceTree = SDKROOT; };
		5403D889193A110000E44C45 /* UIKit.framework */ = {isa = PBXFileReference; lastKnownFileType = wrapper.framework; name = UIKit.framework; path = System/Library/Frameworks/UIKit.framework; sourceTree = SDKROOT; };
		5403D88B193A110000E44C45 /* CoreData.framework */ = {isa = PBXFileReference; lastKnownFileType = wrapper.framework; name = CoreData.framework; path = System/Library/Frameworks/CoreData.framework; sourceTree = SDKROOT; };
		5403D88F193A110000E44C45 /* myBudget2-Info.plist */ = {isa = PBXFileReference; lastKnownFileType = text.plist.xml; path = "myBudget2-Info.plist"; sourceTree = "<group>"; };
		5403D891193A110000E44C45 /* en */ = {isa = PBXFileReference; lastKnownFileType = text.plist.strings; name = en; path = en.lproj/InfoPlist.strings; sourceTree = "<group>"; };
		5403D893193A110000E44C45 /* main.m */ = {isa = PBXFileReference; lastKnownFileType = sourcecode.c.objc; path = main.m; sourceTree = "<group>"; };
		5403D895193A110000E44C45 /* myBudget2-Prefix.pch */ = {isa = PBXFileReference; lastKnownFileType = sourcecode.c.h; path = "myBudget2-Prefix.pch"; sourceTree = "<group>"; };
		5403D896193A110100E44C45 /* mybudgetAppDelegate.h */ = {isa = PBXFileReference; lastKnownFileType = sourcecode.c.h; path = mybudgetAppDelegate.h; sourceTree = "<group>"; };
		5403D897193A110100E44C45 /* mybudgetAppDelegate.m */ = {isa = PBXFileReference; lastKnownFileType = sourcecode.c.objc; path = mybudgetAppDelegate.m; sourceTree = "<group>"; };
		5403D89A193A110100E44C45 /* Base */ = {isa = PBXFileReference; lastKnownFileType = file.storyboard; name = Base; path = Base.lproj/Main.storyboard; sourceTree = "<group>"; };
		5403D89D193A110100E44C45 /* myBudget2.xcdatamodel */ = {isa = PBXFileReference; lastKnownFileType = wrapper.xcdatamodel; path = myBudget2.xcdatamodel; sourceTree = "<group>"; };
		5403D89F193A110100E44C45 /* mybudgetMasterViewController.h */ = {isa = PBXFileReference; lastKnownFileType = sourcecode.c.h; path = mybudgetMasterViewController.h; sourceTree = "<group>"; };
		5403D8A0193A110100E44C45 /* mybudgetMasterViewController.m */ = {isa = PBXFileReference; lastKnownFileType = sourcecode.c.objc; path = mybudgetMasterViewController.m; sourceTree = "<group>"; };
		5403D8A2193A110100E44C45 /* mybudgetDetailViewController.h */ = {isa = PBXFileReference; lastKnownFileType = sourcecode.c.h; path = mybudgetDetailViewController.h; sourceTree = "<group>"; };
		5403D8A3193A110100E44C45 /* mybudgetDetailViewController.m */ = {isa = PBXFileReference; lastKnownFileType = sourcecode.c.objc; path = mybudgetDetailViewController.m; sourceTree = "<group>"; };
		5403D8A5193A110100E44C45 /* Images.xcassets */ = {isa = PBXFileReference; lastKnownFileType = folder.assetcatalog; path = Images.xcassets; sourceTree = "<group>"; };
		5403D8AB193A110100E44C45 /* myBudget2Tests.xctest */ = {isa = PBXFileReference; explicitFileType = wrapper.cfbundle; includeInIndex = 0; path = myBudget2Tests.xctest; sourceTree = BUILT_PRODUCTS_DIR; };
		5403D8AC193A110100E44C45 /* XCTest.framework */ = {isa = PBXFileReference; lastKnownFileType = wrapper.framework; name = XCTest.framework; path = Library/Frameworks/XCTest.framework; sourceTree = DEVELOPER_DIR; };
		5403D8B5193A110100E44C45 /* myBudget2Tests-Info.plist */ = {isa = PBXFileReference; lastKnownFileType = text.plist.xml; path = "myBudget2Tests-Info.plist"; sourceTree = "<group>"; };
		5403D8B7193A110100E44C45 /* en */ = {isa = PBXFileReference; lastKnownFileType = text.plist.strings; name = en; path = en.lproj/InfoPlist.strings; sourceTree = "<group>"; };
		5403D8B9193A110100E44C45 /* myBudget2Tests.m */ = {isa = PBXFileReference; lastKnownFileType = sourcecode.c.objc; path = myBudget2Tests.m; sourceTree = "<group>"; };
		5403D8D6193B2CF700E44C45 /* TransactionCategory.h */ = {isa = PBXFileReference; fileEncoding = 4; lastKnownFileType = sourcecode.c.h; name = TransactionCategory.h; path = ../TransactionCategory.h; sourceTree = "<group>"; };
		5403D8D7193B2CF700E44C45 /* TransactionCategory.m */ = {isa = PBXFileReference; fileEncoding = 4; lastKnownFileType = sourcecode.c.objc; name = TransactionCategory.m; path = ../TransactionCategory.m; sourceTree = "<group>"; };
		5403D8D9193B2CF800E44C45 /* Transaction.h */ = {isa = PBXFileReference; fileEncoding = 4; lastKnownFileType = sourcecode.c.h; name = Transaction.h; path = ../Transaction.h; sourceTree = "<group>"; };
		5403D8DA193B2CF800E44C45 /* Transaction.m */ = {isa = PBXFileReference; fileEncoding = 4; lastKnownFileType = sourcecode.c.objc; name = Transaction.m; path = ../Transaction.m; sourceTree = "<group>"; };
		543FC86B1946DC9F005E252F /* setFilterViewController.h */ = {isa = PBXFileReference; fileEncoding = 4; lastKnownFileType = sourcecode.c.h; path = setFilterViewController.h; sourceTree = "<group>"; };
		543FC86C1946DC9F005E252F /* setFilterViewController.m */ = {isa = PBXFileReference; fileEncoding = 4; lastKnownFileType = sourcecode.c.objc; path = setFilterViewController.m; sourceTree = "<group>"; };
		543FC86F194794A1005E252F /* mybudgetFiltered.h */ = {isa = PBXFileReference; lastKnownFileType = sourcecode.c.h; path = mybudgetFiltered.h; sourceTree = "<group>"; };
		547881C01941DD1800704E67 /* mybudgetSummaryViewController.h */ = {isa = PBXFileReference; fileEncoding = 4; lastKnownFileType = sourcecode.c.h; path = mybudgetSummaryViewController.h; sourceTree = "<group>"; };
		547881C11941DD1800704E67 /* mybudgetSummaryViewController.m */ = {isa = PBXFileReference; fileEncoding = 4; lastKnownFileType = sourcecode.c.objc; path = mybudgetSummaryViewController.m; sourceTree = "<group>"; };
		549AF348193E17660013AE75 /* transactionHistoryTableViewCell.h */ = {isa = PBXFileReference; fileEncoding = 4; lastKnownFileType = sourcecode.c.h; path = transactionHistoryTableViewCell.h; sourceTree = "<group>"; };
		549AF349193E17660013AE75 /* transactionHistoryTableViewCell.m */ = {isa = PBXFileReference; fileEncoding = 4; lastKnownFileType = sourcecode.c.objc; path = transactionHistoryTableViewCell.m; sourceTree = "<group>"; };
		54DA4648194B018A0097AC1B /* icon2x.png */ = {isa = PBXFileReference; lastKnownFileType = image.png; path = icon2x.png; sourceTree = "<group>"; };
		54DA4649194B018A0097AC1B /* icon.png */ = {isa = PBXFileReference; lastKnownFileType = image.png; path = icon.png; sourceTree = "<group>"; };
		54DA464C194B027A0097AC1B /* launch.png */ = {isa = PBXFileReference; lastKnownFileType = image.png; path = launch.png; sourceTree = "<group>"; };
		54DA464E194B13D00097AC1B /* dateHelper.h */ = {isa = PBXFileReference; fileEncoding = 4; lastKnownFileType = sourcecode.c.h; path = dateHelper.h; sourceTree = "<group>"; };
		54DA464F194B13D00097AC1B /* dateHelper.m */ = {isa = PBXFileReference; fileEncoding = 4; lastKnownFileType = sourcecode.c.objc; path = dateHelper.m; sourceTree = "<group>"; };
		54DA4654194C4B910097AC1B /* pieChartView.h */ = {isa = PBXFileReference; fileEncoding = 4; lastKnownFileType = sourcecode.c.h; path = pieChartView.h; sourceTree = "<group>"; };
		54DA4655194C4B910097AC1B /* pieChartView.m */ = {isa = PBXFileReference; fileEncoding = 4; lastKnownFileType = sourcecode.c.objc; path = pieChartView.m; sourceTree = "<group>"; };
		54DA4657194C77270097AC1B /* pieChartLegendView.h */ = {isa = PBXFileReference; fileEncoding = 4; lastKnownFileType = sourcecode.c.h; path = pieChartLegendView.h; sourceTree = "<group>"; };
		54DA4658194C77270097AC1B /* pieChartLegendView.m */ = {isa = PBXFileReference; fileEncoding = 4; lastKnownFileType = sourcecode.c.objc; path = pieChartLegendView.m; sourceTree = "<group>"; };
		54DA465A194C93430097AC1B /* mybudgetCategoryChartVC.h */ = {isa = PBXFileReference; fileEncoding = 4; lastKnownFileType = sourcecode.c.h; path = mybudgetCategoryChartVC.h; sourceTree = "<group>"; };
		54DA465B194C93430097AC1B /* mybudgetCategoryChartVC.m */ = {isa = PBXFileReference; fileEncoding = 4; lastKnownFileType = sourcecode.c.objc; path = mybudgetCategoryChartVC.m; sourceTree = "<group>"; };
		54DB96A91940F588004E2661 /* TransactionCategory+CategoryHelper.h */ = {isa = PBXFileReference; fileEncoding = 4; lastKnownFileType = sourcecode.c.h; path = "TransactionCategory+CategoryHelper.h"; sourceTree = "<group>"; };
		54DB96AA1940F588004E2661 /* TransactionCategory+CategoryHelper.m */ = {isa = PBXFileReference; fileEncoding = 4; lastKnownFileType = sourcecode.c.objc; path = "TransactionCategory+CategoryHelper.m"; sourceTree = "<group>"; };
		54E0CF11193B51A400306E71 /* AddTransactionViewController.h */ = {isa = PBXFileReference; fileEncoding = 4; lastKnownFileType = sourcecode.c.h; path = AddTransactionViewController.h; sourceTree = "<group>"; };
		54E0CF12193B51A400306E71 /* AddTransactionViewController.m */ = {isa = PBXFileReference; fileEncoding = 4; lastKnownFileType = sourcecode.c.objc; path = AddTransactionViewController.m; sourceTree = "<group>"; };
		54E0CF14193C7A0C00306E71 /* mybudgetData.h */ = {isa = PBXFileReference; lastKnownFileType = sourcecode.c.h; path = mybudgetData.h; sourceTree = "<group>"; };
/* End PBXFileReference section */

/* Begin PBXFrameworksBuildPhase section */
		5403D87F193A110000E44C45 /* Frameworks */ = {
			isa = PBXFrameworksBuildPhase;
			buildActionMask = 2147483647;
			files = (
				5403D888193A110000E44C45 /* CoreGraphics.framework in Frameworks */,
				5403D88C193A110000E44C45 /* CoreData.framework in Frameworks */,
				5403D88A193A110000E44C45 /* UIKit.framework in Frameworks */,
				5403D886193A110000E44C45 /* Foundation.framework in Frameworks */,
			);
			runOnlyForDeploymentPostprocessing = 0;
		};
		5403D8A8193A110100E44C45 /* Frameworks */ = {
			isa = PBXFrameworksBuildPhase;
			buildActionMask = 2147483647;
			files = (
				5403D8AD193A110100E44C45 /* XCTest.framework in Frameworks */,
				5403D8B0193A110100E44C45 /* CoreData.framework in Frameworks */,
				5403D8AF193A110100E44C45 /* UIKit.framework in Frameworks */,
				5403D8AE193A110100E44C45 /* Foundation.framework in Frameworks */,
			);
			runOnlyForDeploymentPostprocessing = 0;
		};
/* End PBXFrameworksBuildPhase section */

/* Begin PBXGroup section */
		5403D879193A110000E44C45 = {
			isa = PBXGroup;
			children = (
				5403D88D193A110000E44C45 /* myBudget2 */,
				5403D8B3193A110100E44C45 /* myBudget2Tests */,
				5403D884193A110000E44C45 /* Frameworks */,
				5403D883193A110000E44C45 /* Products */,
			);
			sourceTree = "<group>";
		};
		5403D883193A110000E44C45 /* Products */ = {
			isa = PBXGroup;
			children = (
				5403D882193A110000E44C45 /* myBudget2.app */,
				5403D8AB193A110100E44C45 /* myBudget2Tests.xctest */,
			);
			name = Products;
			sourceTree = "<group>";
		};
		5403D884193A110000E44C45 /* Frameworks */ = {
			isa = PBXGroup;
			children = (
				5403D885193A110000E44C45 /* Foundation.framework */,
				5403D887193A110000E44C45 /* CoreGraphics.framework */,
				5403D889193A110000E44C45 /* UIKit.framework */,
				5403D88B193A110000E44C45 /* CoreData.framework */,
				5403D8AC193A110100E44C45 /* XCTest.framework */,
			);
			name = Frameworks;
			sourceTree = "<group>";
		};
		5403D88D193A110000E44C45 /* myBudget2 */ = {
			isa = PBXGroup;
			children = (
				543FC86E1947947C005E252F /* Protocols */,
				5403D88E193A110000E44C45 /* Supporting Files */,
				5403D8CF193A25C400E44C45 /* Model */,
				549AF34B193E2AE60013AE75 /* Views */,
				54595868194DE652001F2209 /* Controllers */,
				5403D897193A110100E44C45 /* mybudgetAppDelegate.m */,
				5403D896193A110100E44C45 /* mybudgetAppDelegate.h */,
				5403D899193A110100E44C45 /* Main.storyboard */,
			);
			path = myBudget2;
			sourceTree = "<group>";
		};
		5403D88E193A110000E44C45 /* Supporting Files */ = {
			isa = PBXGroup;
			children = (
				5403D8A5193A110100E44C45 /* Images.xcassets */,
				54DA464E194B13D00097AC1B /* dateHelper.h */,
				54DA464F194B13D00097AC1B /* dateHelper.m */,
				54DA4648194B018A0097AC1B /* icon2x.png */,
				54DA4649194B018A0097AC1B /* icon.png */,
				54DA464C194B027A0097AC1B /* launch.png */,
				5403D88F193A110000E44C45 /* myBudget2-Info.plist */,
				5403D890193A110000E44C45 /* InfoPlist.strings */,
				5403D893193A110000E44C45 /* main.m */,
				5403D895193A110000E44C45 /* myBudget2-Prefix.pch */,
			);
			name = "Supporting Files";
			sourceTree = "<group>";
		};
		5403D8B3193A110100E44C45 /* myBudget2Tests */ = {
			isa = PBXGroup;
			children = (
				5403D8B9193A110100E44C45 /* myBudget2Tests.m */,
				5403D8B4193A110100E44C45 /* Supporting Files */,
			);
			path = myBudget2Tests;
			sourceTree = "<group>";
		};
		5403D8B4193A110100E44C45 /* Supporting Files */ = {
			isa = PBXGroup;
			children = (
				5403D8B5193A110100E44C45 /* myBudget2Tests-Info.plist */,
				5403D8B6193A110100E44C45 /* InfoPlist.strings */,
			);
			name = "Supporting Files";
			sourceTree = "<group>";
		};
		5403D8CF193A25C400E44C45 /* Model */ = {
			isa = PBXGroup;
			children = (
				5403D8D9193B2CF800E44C45 /* Transaction.h */,
				5403D8DA193B2CF800E44C45 /* Transaction.m */,
				5403D8D6193B2CF700E44C45 /* TransactionCategory.h */,
				5403D8D7193B2CF700E44C45 /* TransactionCategory.m */,
				54DB96A91940F588004E2661 /* TransactionCategory+CategoryHelper.h */,
				54DB96AA1940F588004E2661 /* TransactionCategory+CategoryHelper.m */,
				5403D89C193A110100E44C45 /* myBudget2.xcdatamodeld */,
			);
			name = Model;
			sourceTree = "<group>";
		};
		543FC86E1947947C005E252F /* Protocols */ = {
			isa = PBXGroup;
			children = (
				54E0CF14193C7A0C00306E71 /* mybudgetData.h */,
				543FC86F194794A1005E252F /* mybudgetFiltered.h */,
			);
			name = Protocols;
			sourceTree = "<group>";
		};
		54595868194DE652001F2209 /* Controllers */ = {
			isa = PBXGroup;
			children = (
				5403D89F193A110100E44C45 /* mybudgetMasterViewController.h */,
				5403D8A0193A110100E44C45 /* mybudgetMasterViewController.m */,
				5403D8A2193A110100E44C45 /* mybudgetDetailViewController.h */,
				5403D8A3193A110100E44C45 /* mybudgetDetailViewController.m */,
				54E0CF11193B51A400306E71 /* AddTransactionViewController.h */,
				54E0CF12193B51A400306E71 /* AddTransactionViewController.m */,
				54DA465A194C93430097AC1B /* mybudgetCategoryChartVC.h */,
				54DA465B194C93430097AC1B /* mybudgetCategoryChartVC.m */,
				543FC86B1946DC9F005E252F /* setFilterViewController.h */,
				543FC86C1946DC9F005E252F /* setFilterViewController.m */,
				547881C01941DD1800704E67 /* mybudgetSummaryViewController.h */,
				547881C11941DD1800704E67 /* mybudgetSummaryViewController.m */,
			);
			name = Controllers;
			sourceTree = "<group>";
		};
		549AF34B193E2AE60013AE75 /* Views */ = {
			isa = PBXGroup;
			children = (
				54DA4657194C77270097AC1B /* pieChartLegendView.h */,
				54DA4658194C77270097AC1B /* pieChartLegendView.m */,
				54DA4654194C4B910097AC1B /* pieChartView.h */,
				54DA4655194C4B910097AC1B /* pieChartView.m */,
				549AF348193E17660013AE75 /* transactionHistoryTableViewCell.h */,
				549AF349193E17660013AE75 /* transactionHistoryTableViewCell.m */,
			);
			name = Views;
			sourceTree = "<group>";
		};
/* End PBXGroup section */

/* Begin PBXNativeTarget section */
		5403D881193A110000E44C45 /* myBudget2 */ = {
			isa = PBXNativeTarget;
			buildConfigurationList = 5403D8BD193A110100E44C45 /* Build configuration list for PBXNativeTarget "myBudget2" */;
			buildPhases = (
				5403D87E193A110000E44C45 /* Sources */,
				5403D87F193A110000E44C45 /* Frameworks */,
				5403D880193A110000E44C45 /* Resources */,
			);
			buildRules = (
			);
			dependencies = (
			);
			name = myBudget2;
			productName = myBudget2;
			productReference = 5403D882193A110000E44C45 /* myBudget2.app */;
			productType = "com.apple.product-type.application";
		};
		5403D8AA193A110100E44C45 /* myBudget2Tests */ = {
			isa = PBXNativeTarget;
			buildConfigurationList = 5403D8C0193A110100E44C45 /* Build configuration list for PBXNativeTarget "myBudget2Tests" */;
			buildPhases = (
				5403D8A7193A110100E44C45 /* Sources */,
				5403D8A8193A110100E44C45 /* Frameworks */,
				5403D8A9193A110100E44C45 /* Resources */,
			);
			buildRules = (
			);
			dependencies = (
				5403D8B2193A110100E44C45 /* PBXTargetDependency */,
			);
			name = myBudget2Tests;
			productName = myBudget2Tests;
			productReference = 5403D8AB193A110100E44C45 /* myBudget2Tests.xctest */;
			productType = "com.apple.product-type.bundle.unit-test";
		};
/* End PBXNativeTarget section */

/* Begin PBXProject section */
		5403D87A193A110000E44C45 /* Project object */ = {
			isa = PBXProject;
			attributes = {
				CLASSPREFIX = mybudget;
				LastUpgradeCheck = 0510;
				ORGANIZATIONNAME = "Maciej Caputa";
				TargetAttributes = {
					5403D8AA193A110100E44C45 = {
						TestTargetID = 5403D881193A110000E44C45;
					};
				};
			};
			buildConfigurationList = 5403D87D193A110000E44C45 /* Build configuration list for PBXProject "myBudget2" */;
			compatibilityVersion = "Xcode 3.2";
			developmentRegion = English;
			hasScannedForEncodings = 0;
			knownRegions = (
				en,
				Base,
			);
			mainGroup = 5403D879193A110000E44C45;
			productRefGroup = 5403D883193A110000E44C45 /* Products */;
			projectDirPath = "";
			projectRoot = "";
			targets = (
				5403D881193A110000E44C45 /* myBudget2 */,
				5403D8AA193A110100E44C45 /* myBudget2Tests */,
			);
		};
/* End PBXProject section */

/* Begin PBXResourcesBuildPhase section */
		5403D880193A110000E44C45 /* Resources */ = {
			isa = PBXResourcesBuildPhase;
			buildActionMask = 2147483647;
			files = (
				54DA464D194B027A0097AC1B /* launch.png in Resources */,
				54DA464A194B018A0097AC1B /* icon2x.png in Resources */,
				54DA464B194B018A0097AC1B /* icon.png in Resources */,
				5403D8A6193A110100E44C45 /* Images.xcassets in Resources */,
				5403D892193A110000E44C45 /* InfoPlist.strings in Resources */,
				5403D89B193A110100E44C45 /* Main.storyboard in Resources */,
			);
			runOnlyForDeploymentPostprocessing = 0;
		};
		5403D8A9193A110100E44C45 /* Resources */ = {
			isa = PBXResourcesBuildPhase;
			buildActionMask = 2147483647;
			files = (
				5403D8B8193A110100E44C45 /* InfoPlist.strings in Resources */,
			);
			runOnlyForDeploymentPostprocessing = 0;
		};
/* End PBXResourcesBuildPhase section */

/* Begin PBXSourcesBuildPhase section */
		5403D87E193A110000E44C45 /* Sources */ = {
			isa = PBXSourcesBuildPhase;
			buildActionMask = 2147483647;
			files = (
				5403D8DB193B2CF800E44C45 /* Transaction.m in Sources */,
				5403D894193A110000E44C45 /* main.m in Sources */,
				54DB96AB1940F588004E2661 /* TransactionCategory+CategoryHelper.m in Sources */,
				54DA465C194C93430097AC1B /* mybudgetCategoryChartVC.m in Sources */,
				54DA4656194C4B910097AC1B /* pieChartView.m in Sources */,
				547881C21941DD1800704E67 /* mybudgetSummaryViewController.m in Sources */,
				5403D8A1193A110100E44C45 /* mybudgetMasterViewController.m in Sources */,
				5403D8D8193B2CF700E44C45 /* TransactionCategory.m in Sources */,
				5403D8A4193A110100E44C45 /* mybudgetDetailViewController.m in Sources */,
				54DA4659194C77270097AC1B /* pieChartLegendView.m in Sources */,
				5403D89E193A110100E44C45 /* myBudget2.xcdatamodeld in Sources */,
				5403D898193A110100E44C45 /* mybudgetAppDelegate.m in Sources */,
				54DA4650194B13D00097AC1B /* dateHelper.m in Sources */,
				549AF34A193E17660013AE75 /* transactionHistoryTableViewCell.m in Sources */,
				54E0CF13193B51A400306E71 /* AddTransactionViewController.m in Sources */,
				543FC86D1946DC9F005E252F /* setFilterViewController.m in Sources */,
			);
			runOnlyForDeploymentPostprocessing = 0;
		};
		5403D8A7193A110100E44C45 /* Sources */ = {
			isa = PBXSourcesBuildPhase;
			buildActionMask = 2147483647;
			files = (
				5403D8BA193A110100E44C45 /* myBudget2Tests.m in Sources */,
			);
			runOnlyForDeploymentPostprocessing = 0;
		};
/* End PBXSourcesBuildPhase section */

/* Begin PBXTargetDependency section */
		5403D8B2193A110100E44C45 /* PBXTargetDependency */ = {
			isa = PBXTargetDependency;
			target = 5403D881193A110000E44C45 /* myBudget2 */;
			targetProxy = 5403D8B1193A110100E44C45 /* PBXContainerItemProxy */;
		};
/* End PBXTargetDependency section */

/* Begin PBXVariantGroup section */
		5403D890193A110000E44C45 /* InfoPlist.strings */ = {
			isa = PBXVariantGroup;
			children = (
				5403D891193A110000E44C45 /* en */,
			);
			name = InfoPlist.strings;
			sourceTree = "<group>";
		};
		5403D899193A110100E44C45 /* Main.storyboard */ = {
			isa = PBXVariantGroup;
			children = (
				5403D89A193A110100E44C45 /* Base */,
			);
			name = Main.storyboard;
			sourceTree = "<group>";
		};
		5403D8B6193A110100E44C45 /* InfoPlist.strings */ = {
			isa = PBXVariantGroup;
			children = (
				5403D8B7193A110100E44C45 /* en */,
			);
			name = InfoPlist.strings;
			sourceTree = "<group>";
		};
/* End PBXVariantGroup section */

/* Begin XCBuildConfiguration section */
		5403D8BB193A110100E44C45 /* Debug */ = {
			isa = XCBuildConfiguration;
			buildSettings = {
				ALWAYS_SEARCH_USER_PATHS = NO;
				CLANG_CXX_LANGUAGE_STANDARD = "gnu++0x";
				CLANG_CXX_LIBRARY = "libc++";
				CLANG_ENABLE_MODULES = YES;
				CLANG_ENABLE_OBJC_ARC = YES;
				CLANG_WARN_BOOL_CONVERSION = YES;
				CLANG_WARN_CONSTANT_CONVERSION = YES;
				CLANG_WARN_DIRECT_OBJC_ISA_USAGE = YES_ERROR;
				CLANG_WARN_EMPTY_BODY = YES;
				CLANG_WARN_ENUM_CONVERSION = YES;
				CLANG_WARN_INT_CONVERSION = YES;
				CLANG_WARN_OBJC_ROOT_CLASS = YES_ERROR;
				CLANG_WARN__DUPLICATE_METHOD_MATCH = YES;
				CODE_SIGN_IDENTITY = Mycode;
				"CODE_SIGN_IDENTITY[sdk=iphoneos*]" = Mycode;
				CODE_SIGN_RESOURCE_RULES_PATH = "";
				COPY_PHASE_STRIP = NO;
				GCC_C_LANGUAGE_STANDARD = gnu99;
				GCC_DYNAMIC_NO_PIC = NO;
				GCC_OPTIMIZATION_LEVEL = 0;
				GCC_PREPROCESSOR_DEFINITIONS = (
					"DEBUG=1",
					"$(inherited)",
				);
				GCC_SYMBOLS_PRIVATE_EXTERN = NO;
				GCC_WARN_64_TO_32_BIT_CONVERSION = YES;
				GCC_WARN_ABOUT_RETURN_TYPE = YES_ERROR;
				GCC_WARN_UNDECLARED_SELECTOR = YES;
				GCC_WARN_UNINITIALIZED_AUTOS = YES_AGGRESSIVE;
				GCC_WARN_UNUSED_FUNCTION = YES;
				GCC_WARN_UNUSED_VARIABLE = YES;
				IPHONEOS_DEPLOYMENT_TARGET = 7.1;
				ONLY_ACTIVE_ARCH = YES;
				OTHER_CODE_SIGN_FLAGS = "-gta";
				SDKROOT = iphoneos;
			};
			name = Debug;
		};
		5403D8BC193A110100E44C45 /* Release */ = {
			isa = XCBuildConfiguration;
			buildSettings = {
				ALWAYS_SEARCH_USER_PATHS = NO;
				CLANG_CXX_LANGUAGE_STANDARD = "gnu++0x";
				CLANG_CXX_LIBRARY = "libc++";
				CLANG_ENABLE_MODULES = YES;
				CLANG_ENABLE_OBJC_ARC = YES;
				CLANG_WARN_BOOL_CONVERSION = YES;
				CLANG_WARN_CONSTANT_CONVERSION = YES;
				CLANG_WARN_DIRECT_OBJC_ISA_USAGE = YES_ERROR;
				CLANG_WARN_EMPTY_BODY = YES;
				CLANG_WARN_ENUM_CONVERSION = YES;
				CLANG_WARN_INT_CONVERSION = YES;
				CLANG_WARN_OBJC_ROOT_CLASS = YES_ERROR;
				CLANG_WARN__DUPLICATE_METHOD_MATCH = YES;
				CODE_SIGN_IDENTITY = Mycode;
				"CODE_SIGN_IDENTITY[sdk=iphoneos*]" = Mycode;
				CODE_SIGN_RESOURCE_RULES_PATH = "";
				COPY_PHASE_STRIP = YES;
				ENABLE_NS_ASSERTIONS = NO;
				GCC_C_LANGUAGE_STANDARD = gnu99;
				GCC_WARN_64_TO_32_BIT_CONVERSION = YES;
				GCC_WARN_ABOUT_RETURN_TYPE = YES_ERROR;
				GCC_WARN_UNDECLARED_SELECTOR = YES;
				GCC_WARN_UNINITIALIZED_AUTOS = YES_AGGRESSIVE;
				GCC_WARN_UNUSED_FUNCTION = YES;
				GCC_WARN_UNUSED_VARIABLE = YES;
				IPHONEOS_DEPLOYMENT_TARGET = 7.1;
				OTHER_CODE_SIGN_FLAGS = "-gta";
				SDKROOT = iphoneos;
				VALIDATE_PRODUCT = YES;
			};
			name = Release;
		};
		5403D8BE193A110100E44C45 /* Debug */ = {
			isa = XCBuildConfiguration;
			buildSettings = {
				ASSETCATALOG_COMPILER_APPICON_NAME = AppIcon;
				ASSETCATALOG_COMPILER_LAUNCHIMAGE_NAME = LaunchImage;
				GCC_PRECOMPILE_PREFIX_HEADER = YES;
				GCC_PREFIX_HEADER = "myBudget2/myBudget2-Prefix.pch";
				INFOPLIST_FILE = "myBudget2/myBudget2-Info.plist";
				OTHER_CODE_SIGN_FLAGS = "-gta";
				PRODUCT_NAME = "$(TARGET_NAME)";
				WRAPPER_EXTENSION = app;
			};
			name = Debug;
		};
		5403D8BF193A110100E44C45 /* Release */ = {
			isa = XCBuildConfiguration;
			buildSettings = {
				ASSETCATALOG_COMPILER_APPICON_NAME = AppIcon;
				ASSETCATALOG_COMPILER_LAUNCHIMAGE_NAME = LaunchImage;
				GCC_PRECOMPILE_PREFIX_HEADER = YES;
				GCC_PREFIX_HEADER = "myBudget2/myBudget2-Prefix.pch";
				INFOPLIST_FILE = "myBudget2/myBudget2-Info.plist";
				OTHER_CODE_SIGN_FLAGS = "-gta";
				PRODUCT_NAME = "$(TARGET_NAME)";
				WRAPPER_EXTENSION = app;
			};
			name = Release;
		};
		5403D8C1193A110100E44C45 /* Debug */ = {
			isa = XCBuildConfiguration;
			buildSettings = {
				BUNDLE_LOADER = "$(BUILT_PRODUCTS_DIR)/myBudget2.app/myBudget2";
				FRAMEWORK_SEARCH_PATHS = (
					"$(SDKROOT)/Developer/Library/Frameworks",
					"$(inherited)",
					"$(DEVELOPER_FRAMEWORKS_DIR)",
				);
				GCC_PRECOMPILE_PREFIX_HEADER = YES;
				GCC_PREFIX_HEADER = "myBudget2/myBudget2-Prefix.pch";
				GCC_PREPROCESSOR_DEFINITIONS = (
					"DEBUG=1",
					"$(inherited)",
				);
				INFOPLIST_FILE = "myBudget2Tests/myBudget2Tests-Info.plist";
				PRODUCT_NAME = "$(TARGET_NAME)";
				TEST_HOST = "$(BUNDLE_LOADER)";
				WRAPPER_EXTENSION = xctest;
			};
			name = Debug;
		};
		5403D8C2193A110100E44C45 /* Release */ = {
			isa = XCBuildConfiguration;
			buildSettings = {
				BUNDLE_LOADER = "$(BUILT_PRODUCTS_DIR)/myBudget2.app/myBudget2";
				FRAMEWORK_SEARCH_PATHS = (
					"$(SDKROOT)/Developer/Library/Frameworks",
					"$(inherited)",
					"$(DEVELOPER_FRAMEWORKS_DIR)",
				);
				GCC_PRECOMPILE_PREFIX_HEADER = YES;
				GCC_PREFIX_HEADER = "myBudget2/myBudget2-Prefix.pch";
				INFOPLIST_FILE = "myBudget2Tests/myBudget2Tests-Info.plist";
				PRODUCT_NAME = "$(TARGET_NAME)";
				TEST_HOST = "$(BUNDLE_LOADER)";
				WRAPPER_EXTENSION = xctest;
			};
			name = Release;
		};
/* End XCBuildConfiguration section */

/* Begin XCConfigurationList section */
		5403D87D193A110000E44C45 /* Build configuration list for PBXProject "myBudget2" */ = {
			isa = XCConfigurationList;
			buildConfigurations = (
				5403D8BB193A110100E44C45 /* Debug */,
				5403D8BC193A110100E44C45 /* Release */,
			);
			defaultConfigurationIsVisible = 0;
			defaultConfigurationName = Release;
		};
		5403D8BD193A110100E44C45 /* Build configuration list for PBXNativeTarget "myBudget2" */ = {
			isa = XCConfigurationList;
			buildConfigurations = (
				5403D8BE193A110100E44C45 /* Debug */,
				5403D8BF193A110100E44C45 /* Release */,
			);
			defaultConfigurationIsVisible = 0;
			defaultConfigurationName = Release;
		};
		5403D8C0193A110100E44C45 /* Build configuration list for PBXNativeTarget "myBudget2Tests" */ = {
			isa = XCConfigurationList;
			buildConfigurations = (
				5403D8C1193A110100E44C45 /* Debug */,
				5403D8C2193A110100E44C45 /* Release */,
			);
			defaultConfigurationIsVisible = 0;
			defaultConfigurationName = Release;
		};
/* End XCConfigurationList section */

/* Begin XCVersionGroup section */
		5403D89C193A110100E44C45 /* myBudget2.xcdatamodeld */ = {
			isa = XCVersionGroup;
			children = (
				5403D89D193A110100E44C45 /* myBudget2.xcdatamodel */,
			);
			currentVersion = 5403D89D193A110100E44C45 /* myBudget2.xcdatamodel */;
			path = myBudget2.xcdatamodeld;
			sourceTree = "<group>";
			versionGroupType = wrapper.xcdatamodel;
		};
/* End XCVersionGroup section */
	};
	rootObject = 5403D87A193A110000E44C45 /* Project object */;
}
